// !$*UTF8*$!
{
	archiveVersion = 1;
	classes = {
	};
	objectVersion = 46;
	objects = {

/* Begin PBXBuildFile section */
		0576215E13DD958A00C0BD94 /* Cocoa.framework in Frameworks */ = {isa = PBXBuildFile; fileRef = 0576215D13DD958A00C0BD94 /* Cocoa.framework */; };
		0576216813DD958A00C0BD94 /* InfoPlist.strings in Resources */ = {isa = PBXBuildFile; fileRef = 0576216613DD958A00C0BD94 /* InfoPlist.strings */; };
		0576216A13DD958A00C0BD94 /* main.m in Sources */ = {isa = PBXBuildFile; fileRef = 0576216913DD958A00C0BD94 /* main.m */; };
		0576218113DD96BE00C0BD94 /* ApplicationDelegate.m in Sources */ = {isa = PBXBuildFile; fileRef = 0576217B13DD96BE00C0BD94 /* ApplicationDelegate.m */; };
		0576218213DD96BE00C0BD94 /* MainMenu.xib in Resources */ = {isa = PBXBuildFile; fileRef = 0576217F13DD96BE00C0BD94 /* MainMenu.xib */; };
		0576218913DD987200C0BD94 /* MainWindow.xib in Resources */ = {isa = PBXBuildFile; fileRef = 0576218713DD987200C0BD94 /* MainWindow.xib */; };
		0576218D13DD989300C0BD94 /* MainWindowController.m in Sources */ = {isa = PBXBuildFile; fileRef = 0576218B13DD989300C0BD94 /* MainWindowController.m */; };
		0576219713DDB31300C0BD94 /* Application.m in Sources */ = {isa = PBXBuildFile; fileRef = 0576219613DDB31300C0BD94 /* Application.m */; };
		0576219B13DDBE8400C0BD94 /* Localizable.strings in Resources */ = {isa = PBXBuildFile; fileRef = 0576219913DDBE8400C0BD94 /* Localizable.strings */; };
/* End PBXBuildFile section */

/* Begin PBXFileReference section */
		0576215913DD958A00C0BD94 /* State Cleaner.app */ = {isa = PBXFileReference; explicitFileType = wrapper.application; includeInIndex = 0; path = "State Cleaner.app"; sourceTree = BUILT_PRODUCTS_DIR; };
		0576215D13DD958A00C0BD94 /* Cocoa.framework */ = {isa = PBXFileReference; lastKnownFileType = wrapper.framework; name = Cocoa.framework; path = System/Library/Frameworks/Cocoa.framework; sourceTree = SDKROOT; };
		0576216013DD958A00C0BD94 /* AppKit.framework */ = {isa = PBXFileReference; lastKnownFileType = wrapper.framework; name = AppKit.framework; path = System/Library/Frameworks/AppKit.framework; sourceTree = SDKROOT; };
		0576216113DD958A00C0BD94 /* CoreData.framework */ = {isa = PBXFileReference; lastKnownFileType = wrapper.framework; name = CoreData.framework; path = System/Library/Frameworks/CoreData.framework; sourceTree = SDKROOT; };
		0576216213DD958A00C0BD94 /* Foundation.framework */ = {isa = PBXFileReference; lastKnownFileType = wrapper.framework; name = Foundation.framework; path = System/Library/Frameworks/Foundation.framework; sourceTree = SDKROOT; };
		0576216513DD958A00C0BD94 /* State Cleaner-Info.plist */ = {isa = PBXFileReference; lastKnownFileType = text.plist.xml; path = "State Cleaner-Info.plist"; sourceTree = "<group>"; };
		0576216713DD958A00C0BD94 /* en */ = {isa = PBXFileReference; lastKnownFileType = text.plist.strings; name = en; path = en.lproj/InfoPlist.strings; sourceTree = "<group>"; };
		0576216913DD958A00C0BD94 /* main.m */ = {isa = PBXFileReference; lastKnownFileType = sourcecode.c.objc; path = main.m; sourceTree = "<group>"; };
		0576216B13DD958A00C0BD94 /* State Cleaner-Prefix.pch */ = {isa = PBXFileReference; lastKnownFileType = sourcecode.c.h; path = "State Cleaner-Prefix.pch"; sourceTree = "<group>"; };
		0576217B13DD96BE00C0BD94 /* ApplicationDelegate.m */ = {isa = PBXFileReference; fileEncoding = 4; lastKnownFileType = sourcecode.c.objc; path = ApplicationDelegate.m; sourceTree = "<group>"; };
		0576217D13DD96BE00C0BD94 /* ApplicationDelegate.h */ = {isa = PBXFileReference; fileEncoding = 4; lastKnownFileType = sourcecode.c.h; path = ApplicationDelegate.h; sourceTree = "<group>"; };
		0576218013DD96BE00C0BD94 /* en */ = {isa = PBXFileReference; lastKnownFileType = file.xib; name = en; path = en.lproj/MainMenu.xib; sourceTree = "<group>"; };
		0576218813DD987200C0BD94 /* en */ = {isa = PBXFileReference; lastKnownFileType = file.xib; name = en; path = en.lproj/MainWindow.xib; sourceTree = "<group>"; };
		0576218B13DD989300C0BD94 /* MainWindowController.m */ = {isa = PBXFileReference; fileEncoding = 4; lastKnownFileType = sourcecode.c.objc; path = MainWindowController.m; sourceTree = "<group>"; };
		0576218F13DD98B900C0BD94 /* MainWindowController.h */ = {isa = PBXFileReference; fileEncoding = 4; lastKnownFileType = sourcecode.c.h; path = MainWindowController.h; sourceTree = "<group>"; };
		0576219613DDB31300C0BD94 /* Application.m */ = {isa = PBXFileReference; fileEncoding = 4; lastKnownFileType = sourcecode.c.objc; path = Application.m; sourceTree = "<group>"; };
		0576219813DDB31D00C0BD94 /* Application.h */ = {isa = PBXFileReference; fileEncoding = 4; lastKnownFileType = sourcecode.c.h; path = Application.h; sourceTree = "<group>"; };
		0576219A13DDBE8400C0BD94 /* en */ = {isa = PBXFileReference; lastKnownFileType = text.plist.strings; name = en; path = UI/en.lproj/Localizable.strings; sourceTree = "<group>"; };
/* End PBXFileReference section */

/* Begin PBXFrameworksBuildPhase section */
		0576215613DD958A00C0BD94 /* Frameworks */ = {
			isa = PBXFrameworksBuildPhase;
			buildActionMask = 2147483647;
			files = (
				0576215E13DD958A00C0BD94 /* Cocoa.framework in Frameworks */,
			);
			runOnlyForDeploymentPostprocessing = 0;
		};
/* End PBXFrameworksBuildPhase section */

/* Begin PBXGroup section */
		0576214E13DD958900C0BD94 = {
			isa = PBXGroup;
			children = (
				0576216313DD958A00C0BD94 /* State Cleaner */,
				0576215C13DD958A00C0BD94 /* Frameworks */,
				0576215A13DD958A00C0BD94 /* Products */,
			);
			sourceTree = "<group>";
		};
		0576215A13DD958A00C0BD94 /* Products */ = {
			isa = PBXGroup;
			children = (
				0576215913DD958A00C0BD94 /* State Cleaner.app */,
			);
			name = Products;
			sourceTree = "<group>";
		};
		0576215C13DD958A00C0BD94 /* Frameworks */ = {
			isa = PBXGroup;
			children = (
				0576215D13DD958A00C0BD94 /* Cocoa.framework */,
				0576215F13DD958A00C0BD94 /* Other Frameworks */,
			);
			name = Frameworks;
			sourceTree = "<group>";
		};
		0576215F13DD958A00C0BD94 /* Other Frameworks */ = {
			isa = PBXGroup;
			children = (
				0576216013DD958A00C0BD94 /* AppKit.framework */,
				0576216113DD958A00C0BD94 /* CoreData.framework */,
				0576216213DD958A00C0BD94 /* Foundation.framework */,
			);
			name = "Other Frameworks";
			sourceTree = "<group>";
		};
		0576216313DD958A00C0BD94 /* State Cleaner */ = {
			isa = PBXGroup;
			children = (
				0576217A13DD96BE00C0BD94 /* Classes */,
				0576217E13DD96BE00C0BD94 /* UI */,
				0576216413DD958A00C0BD94 /* Supporting Files */,
			);
			path = "State Cleaner";
			sourceTree = "<group>";
		};
		0576216413DD958A00C0BD94 /* Supporting Files */ = {
			isa = PBXGroup;
			children = (
				0576216513DD958A00C0BD94 /* State Cleaner-Info.plist */,
				0576216613DD958A00C0BD94 /* InfoPlist.strings */,
				0576216913DD958A00C0BD94 /* main.m */,
				0576216B13DD958A00C0BD94 /* State Cleaner-Prefix.pch */,
			);
			name = "Supporting Files";
			sourceTree = "<group>";
		};
		0576217A13DD96BE00C0BD94 /* Classes */ = {
			isa = PBXGroup;
			children = (
				0576219613DDB31300C0BD94 /* Application.m */,
				0576217B13DD96BE00C0BD94 /* ApplicationDelegate.m */,
				0576218B13DD989300C0BD94 /* MainWindowController.m */,
				0576217C13DD96BE00C0BD94 /* include */,
			);
			path = Classes;
			sourceTree = "<group>";
		};
		0576217C13DD96BE00C0BD94 /* include */ = {
			isa = PBXGroup;
			children = (
				0576219813DDB31D00C0BD94 /* Application.h */,
				0576217D13DD96BE00C0BD94 /* ApplicationDelegate.h */,
				0576218F13DD98B900C0BD94 /* MainWindowController.h */,
			);
			path = include;
			sourceTree = "<group>";
		};
		0576217E13DD96BE00C0BD94 /* UI */ = {
			isa = PBXGroup;
			children = (
				0576217F13DD96BE00C0BD94 /* MainMenu.xib */,
				0576218713DD987200C0BD94 /* MainWindow.xib */,
				0576219913DDBE8400C0BD94 /* Localizable.strings */,
			);
			path = UI;
			sourceTree = "<group>";
		};
/* End PBXGroup section */

/* Begin PBXNativeTarget section */
		0576215813DD958A00C0BD94 /* State Cleaner */ = {
			isa = PBXNativeTarget;
			buildConfigurationList = 0576217713DD958A00C0BD94 /* Build configuration list for PBXNativeTarget "State Cleaner" */;
			buildPhases = (
				0576215513DD958A00C0BD94 /* Sources */,
				0576215613DD958A00C0BD94 /* Frameworks */,
				0576215713DD958A00C0BD94 /* Resources */,
			);
			buildRules = (
			);
			dependencies = (
			);
			name = "State Cleaner";
			productName = "State Cleaner";
			productReference = 0576215913DD958A00C0BD94 /* State Cleaner.app */;
			productType = "com.apple.product-type.application";
		};
/* End PBXNativeTarget section */

/* Begin PBXProject section */
		0576215013DD958900C0BD94 /* Project object */ = {
			isa = PBXProject;
			attributes = {
				ORGANIZATIONNAME = DigiDNA;
			};
			buildConfigurationList = 0576215313DD958900C0BD94 /* Build configuration list for PBXProject "State Cleaner" */;
			compatibilityVersion = "Xcode 3.2";
			developmentRegion = English;
			hasScannedForEncodings = 0;
			knownRegions = (
				en,
			);
			mainGroup = 0576214E13DD958900C0BD94;
			productRefGroup = 0576215A13DD958A00C0BD94 /* Products */;
			projectDirPath = "";
			projectRoot = "";
			targets = (
				0576215813DD958A00C0BD94 /* State Cleaner */,
			);
		};
/* End PBXProject section */

/* Begin PBXResourcesBuildPhase section */
		0576215713DD958A00C0BD94 /* Resources */ = {
			isa = PBXResourcesBuildPhase;
			buildActionMask = 2147483647;
			files = (
				0576216813DD958A00C0BD94 /* InfoPlist.strings in Resources */,
				0576218213DD96BE00C0BD94 /* MainMenu.xib in Resources */,
				0576218913DD987200C0BD94 /* MainWindow.xib in Resources */,
				0576219B13DDBE8400C0BD94 /* Localizable.strings in Resources */,
			);
			runOnlyForDeploymentPostprocessing = 0;
		};
/* End PBXResourcesBuildPhase section */

/* Begin PBXSourcesBuildPhase section */
		0576215513DD958A00C0BD94 /* Sources */ = {
			isa = PBXSourcesBuildPhase;
			buildActionMask = 2147483647;
			files = (
				0576216A13DD958A00C0BD94 /* main.m in Sources */,
				0576218113DD96BE00C0BD94 /* ApplicationDelegate.m in Sources */,
				0576218D13DD989300C0BD94 /* MainWindowController.m in Sources */,
				0576219713DDB31300C0BD94 /* Application.m in Sources */,
			);
			runOnlyForDeploymentPostprocessing = 0;
		};
/* End PBXSourcesBuildPhase section */

/* Begin PBXVariantGroup section */
		0576216613DD958A00C0BD94 /* InfoPlist.strings */ = {
			isa = PBXVariantGroup;
			children = (
				0576216713DD958A00C0BD94 /* en */,
			);
			name = InfoPlist.strings;
			sourceTree = "<group>";
		};
		0576217F13DD96BE00C0BD94 /* MainMenu.xib */ = {
			isa = PBXVariantGroup;
			children = (
				0576218013DD96BE00C0BD94 /* en */,
			);
			name = MainMenu.xib;
			sourceTree = "<group>";
		};
		0576218713DD987200C0BD94 /* MainWindow.xib */ = {
			isa = PBXVariantGroup;
			children = (
				0576218813DD987200C0BD94 /* en */,
			);
			name = MainWindow.xib;
			sourceTree = "<group>";
		};
		0576219913DDBE8400C0BD94 /* Localizable.strings */ = {
			isa = PBXVariantGroup;
			children = (
				0576219A13DDBE8400C0BD94 /* en */,
			);
			name = Localizable.strings;
			path = ..;
			sourceTree = "<group>";
		};
/* End PBXVariantGroup section */

/* Begin XCBuildConfiguration section */
		0576217513DD958A00C0BD94 /* Debug */ = {
			isa = XCBuildConfiguration;
			buildSettings = {
				ALWAYS_SEARCH_USER_PATHS = NO;
				ARCHS = "$(ARCHS_STANDARD_64_BIT)";
				COPY_PHASE_STRIP = NO;
				GCC_C_LANGUAGE_STANDARD = c99;
				GCC_DYNAMIC_NO_PIC = NO;
				GCC_ENABLE_OBJC_EXCEPTIONS = YES;
				GCC_OPTIMIZATION_LEVEL = s;
				GCC_PREPROCESSOR_DEFINITIONS = (
					"DEBUG=1",
					"$(inherited)",
				);
				GCC_SYMBOLS_PRIVATE_EXTERN = NO;
				GCC_TREAT_IMPLICIT_FUNCTION_DECLARATIONS_AS_ERRORS = YES;
				GCC_TREAT_INCOMPATIBLE_POINTER_TYPE_WARNINGS_AS_ERRORS = YES;
				GCC_TREAT_WARNINGS_AS_ERRORS = YES;
				GCC_VERSION = com.apple.compilers.llvm.clang.1_0;
				GCC_WARN_64_TO_32_BIT_CONVERSION = YES;
				GCC_WARN_ABOUT_DEPRECATED_FUNCTIONS = YES;
				GCC_WARN_ABOUT_INVALID_OFFSETOF_MACRO = YES;
				GCC_WARN_ABOUT_MISSING_FIELD_INITIALIZERS = YES;
				GCC_WARN_ABOUT_MISSING_NEWLINE = YES;
				GCC_WARN_ABOUT_MISSING_PROTOTYPES = YES;
				GCC_WARN_ABOUT_POINTER_SIGNEDNESS = YES;
				GCC_WARN_ABOUT_RETURN_TYPE = YES;
				GCC_WARN_ALLOW_INCOMPLETE_PROTOCOL = YES;
				GCC_WARN_CHECK_SWITCH_STATEMENTS = YES;
				GCC_WARN_FOUR_CHARACTER_CONSTANTS = YES;
				GCC_WARN_HIDDEN_VIRTUAL_FUNCTIONS = YES;
				GCC_WARN_INHIBIT_ALL_WARNINGS = NO;
				GCC_WARN_INITIALIZER_NOT_FULLY_BRACKETED = YES;
				GCC_WARN_MISSING_PARENTHESES = YES;
				GCC_WARN_MULTIPLE_DEFINITION_TYPES_FOR_SELECTOR = YES;
				GCC_WARN_NON_VIRTUAL_DESTRUCTOR = YES;
				GCC_WARN_PEDANTIC = YES;
				GCC_WARN_SHADOW = YES;
				GCC_WARN_SIGN_COMPARE = YES;
				GCC_WARN_STRICT_SELECTOR_MATCH = NO;
				GCC_WARN_TYPECHECK_CALLS_TO_PRINTF = YES;
				GCC_WARN_UNDECLARED_SELECTOR = YES;
				GCC_WARN_UNINITIALIZED_AUTOS = YES;
				GCC_WARN_UNKNOWN_PRAGMAS = YES;
				GCC_WARN_UNUSED_FUNCTION = YES;
				GCC_WARN_UNUSED_LABEL = YES;
				GCC_WARN_UNUSED_PARAMETER = YES;
				GCC_WARN_UNUSED_VALUE = YES;
				GCC_WARN_UNUSED_VARIABLE = YES;
				MACOSX_DEPLOYMENT_TARGET = 10.7;
				ONLY_ACTIVE_ARCH = YES;
				SDKROOT = macosx;
				WARNING_CFLAGS = (
					"-Wall",
					"-Wextra",
					"-Werror",
					"-Wbad-function-cast",
					"-Wmissing-declarations",
					"-Wmissing-prototypes",
					"-Wnested-externs",
					"-Wold-style-definition",
					"-Wstrict-prototypes",
					"-Wdeclaration-after-statement",
				);
			};
			name = Debug;
		};
		0576217613DD958A00C0BD94 /* Release */ = {
			isa = XCBuildConfiguration;
			buildSettings = {
				ALWAYS_SEARCH_USER_PATHS = NO;
				ARCHS = "$(ARCHS_STANDARD_64_BIT)";
				COPY_PHASE_STRIP = YES;
				DEBUG_INFORMATION_FORMAT = "dwarf-with-dsym";
				GCC_C_LANGUAGE_STANDARD = c99;
				GCC_ENABLE_OBJC_EXCEPTIONS = YES;
				GCC_OPTIMIZATION_LEVEL = s;
				GCC_TREAT_IMPLICIT_FUNCTION_DECLARATIONS_AS_ERRORS = YES;
				GCC_TREAT_INCOMPATIBLE_POINTER_TYPE_WARNINGS_AS_ERRORS = YES;
				GCC_TREAT_WARNINGS_AS_ERRORS = YES;
				GCC_VERSION = com.apple.compilers.llvm.clang.1_0;
				GCC_WARN_64_TO_32_BIT_CONVERSION = YES;
				GCC_WARN_ABOUT_DEPRECATED_FUNCTIONS = YES;
				GCC_WARN_ABOUT_INVALID_OFFSETOF_MACRO = YES;
				GCC_WARN_ABOUT_MISSING_FIELD_INITIALIZERS = YES;
				GCC_WARN_ABOUT_MISSING_NEWLINE = YES;
				GCC_WARN_ABOUT_MISSING_PROTOTYPES = YES;
				GCC_WARN_ABOUT_POINTER_SIGNEDNESS = YES;
				GCC_WARN_ABOUT_RETURN_TYPE = YES;
				GCC_WARN_ALLOW_INCOMPLETE_PROTOCOL = YES;
				GCC_WARN_CHECK_SWITCH_STATEMENTS = YES;
				GCC_WARN_FOUR_CHARACTER_CONSTANTS = YES;
				GCC_WARN_HIDDEN_VIRTUAL_FUNCTIONS = YES;
				GCC_WARN_INHIBIT_ALL_WARNINGS = NO;
				GCC_WARN_INITIALIZER_NOT_FULLY_BRACKETED = YES;
				GCC_WARN_MISSING_PARENTHESES = YES;
				GCC_WARN_MULTIPLE_DEFINITION_TYPES_FOR_SELECTOR = YES;
				GCC_WARN_NON_VIRTUAL_DESTRUCTOR = YES;
				GCC_WARN_PEDANTIC = YES;
				GCC_WARN_SHADOW = YES;
				GCC_WARN_SIGN_COMPARE = YES;
				GCC_WARN_STRICT_SELECTOR_MATCH = NO;
				GCC_WARN_TYPECHECK_CALLS_TO_PRINTF = YES;
				GCC_WARN_UNDECLARED_SELECTOR = YES;
				GCC_WARN_UNINITIALIZED_AUTOS = YES;
				GCC_WARN_UNKNOWN_PRAGMAS = YES;
				GCC_WARN_UNUSED_FUNCTION = YES;
				GCC_WARN_UNUSED_LABEL = YES;
				GCC_WARN_UNUSED_PARAMETER = YES;
				GCC_WARN_UNUSED_VALUE = YES;
				GCC_WARN_UNUSED_VARIABLE = YES;
				MACOSX_DEPLOYMENT_TARGET = 10.7;
				SDKROOT = macosx;
				WARNING_CFLAGS = (
					"-Wall",
					"-Wextra",
					"-Werror",
					"-Wbad-function-cast",
					"-Wmissing-declarations",
					"-Wmissing-prototypes",
					"-Wnested-externs",
					"-Wold-style-definition",
					"-Wstrict-prototypes",
					"-Wdeclaration-after-statement",
				);
			};
			name = Release;
		};
		0576217813DD958A00C0BD94 /* Debug */ = {
			isa = XCBuildConfiguration;
			buildSettings = {
				GCC_PRECOMPILE_PREFIX_HEADER = YES;
				GCC_PREFIX_HEADER = "State Cleaner/State Cleaner-Prefix.pch";
				INFOPLIST_FILE = "State Cleaner/State Cleaner-Info.plist";
				PRODUCT_NAME = "$(TARGET_NAME)";
				WRAPPER_EXTENSION = app;
			};
			name = Debug;
		};
		0576217913DD958A00C0BD94 /* Release */ = {
			isa = XCBuildConfiguration;
			buildSettings = {
				GCC_PRECOMPILE_PREFIX_HEADER = YES;
				GCC_PREFIX_HEADER = "State Cleaner/State Cleaner-Prefix.pch";
				INFOPLIST_FILE = "State Cleaner/State Cleaner-Info.plist";
				PRODUCT_NAME = "$(TARGET_NAME)";
				WRAPPER_EXTENSION = app;
			};
			name = Release;
		};
/* End XCBuildConfiguration section */

/* Begin XCConfigurationList section */
		0576215313DD958900C0BD94 /* Build configuration list for PBXProject "State Cleaner" */ = {
			isa = XCConfigurationList;
			buildConfigurations = (
				0576217513DD958A00C0BD94 /* Debug */,
				0576217613DD958A00C0BD94 /* Release */,
			);
			defaultConfigurationIsVisible = 0;
			defaultConfigurationName = Release;
		};
		0576217713DD958A00C0BD94 /* Build configuration list for PBXNativeTarget "State Cleaner" */ = {
			isa = XCConfigurationList;
			buildConfigurations = (
				0576217813DD958A00C0BD94 /* Debug */,
				0576217913DD958A00C0BD94 /* Release */,
			);
			defaultConfigurationIsVisible = 0;
		};
/* End XCConfigurationList section */
	};
	rootObject = 0576215013DD958900C0BD94 /* Project object */;
}
